
Microsoft Visual Studio Solution File, Format Version 12.00
Project("{FAE04EC0-301F-11D3-BF4B-00C04F79EFBC}") = "QuoteAnalyzer", "QuoteAnalyzer\QuoteAnalyzer.csproj", "{344A930A-E476-4BCA-BC77-BE9BB0953088}"
EndProject
Project("{FAE04EC0-301F-11D3-BF4B-00C04F79EFBC}") = "QuoteBroadcaster", "QuoteBroadcaster\QuoteBroadcaster.csproj", "{0B1F9A24-6B35-4FF6-AFA6-2AC3925CB169}"
EndProject
Project("{FAE04EC0-301F-11D3-BF4B-00C04F79EFBC}") = "QuoteBroadcaster.Tests", "QuoteBroadcaster.Tests\QuoteBroadcaster.Tests.csproj", "{A4C4D140-27D9-4A3A-94E4-6F560F02AE5C}"
EndProject
Project("{FAE04EC0-301F-11D3-BF4B-00C04F79EFBC}") = "QuoteAnalyzer.Tests", "QuoteAnalyzer.Tests\QuoteAnalyzer.Tests.csproj", "{44E3B815-D0A1-402F-A82C-8DBFC5CB3104}"
EndProject
Global
	GlobalSection(SolutionConfigurationPlatforms) = preSolution
		Debug|Any CPU = Debug|Any CPU
		Release|Any CPU = Release|Any CPU
	EndGlobalSection
	GlobalSection(ProjectConfigurationPlatforms) = postSolution
		{344A930A-E476-4BCA-BC77-BE9BB0953088}.Debug|Any CPU.ActiveCfg = Debug|Any CPU
		{344A930A-E476-4BCA-BC77-BE9BB0953088}.Debug|Any CPU.Build.0 = Debug|Any CPU
		{344A930A-E476-4BCA-BC77-BE9BB0953088}.Release|Any CPU.ActiveCfg = Release|Any CPU
		{344A930A-E476-4BCA-BC77-BE9BB0953088}.Release|Any CPU.Build.0 = Release|Any CPU
		{0B1F9A24-6B35-4FF6-AFA6-2AC3925CB169}.Debug|Any CPU.ActiveCfg = Debug|Any CPU
		{0B1F9A24-6B35-4FF6-AFA6-2AC3925CB169}.Debug|Any CPU.Build.0 = Debug|Any CPU
		{0B1F9A24-6B35-4FF6-AFA6-2AC3925CB169}.Release|Any CPU.ActiveCfg = Release|Any CPU
		{0B1F9A24-6B35-4FF6-AFA6-2AC3925CB169}.Release|Any CPU.Build.0 = Release|Any CPU
		{A4C4D140-27D9-4A3A-94E4-6F560F02AE5C}.Debug|Any CPU.ActiveCfg = Debug|Any CPU
		{A4C4D140-27D9-4A3A-94E4-6F560F02AE5C}.Debug|Any CPU.Build.0 = Debug|Any CPU
		{A4C4D140-27D9-4A3A-94E4-6F560F02AE5C}.Release|Any CPU.ActiveCfg = Release|Any CPU
		{A4C4D140-27D9-4A3A-94E4-6F560F02AE5C}.Release|Any CPU.Build.0 = Release|Any CPU
		{44E3B815-D0A1-402F-A82C-8DBFC5CB3104}.Debug|Any CPU.ActiveCfg = Debug|Any CPU
		{44E3B815-D0A1-402F-A82C-8DBFC5CB3104}.Debug|Any CPU.Build.0 = Debug|Any CPU
		{44E3B815-D0A1-402F-A82C-8DBFC5CB3104}.Release|Any CPU.ActiveCfg = Release|Any CPU
		{44E3B815-D0A1-402F-A82C-8DBFC5CB3104}.Release|Any CPU.Build.0 = Release|Any CPU
	EndGlobalSection
EndGlobal
